# This file is automatically @generated by Cargo.
# It is not intended for manual editing.
version = 4

[[package]]
name = "cell80-z80"
version = "0.8.0"
source = "registry+https://github.com/rust-lang/crates.io-index"
checksum = "97c98adaf621759836a266587d8a83d7ce1fc814c9941289474572ada6020a16"

[[package]]
name = "triptych-cpu-core"
version = "0.1.0"
dependencies = [
 "cell80-z80",
]

[[package]]
name = "triptych-cpu-core-no-alloc-wasm-probe"
version = "0.0.0"
dependencies = [
 "triptych-cpu-core",
]
